Microsoft Visual Studio Solution File, Format Version 12.00
# Visual Studio 2012
Project("{FAE04EC0-301F-11D3-BF4B-00C04F79EFBC}") = "poggle", "poggle.csproj", "{C17EFC6B-726E-4603-AC3D-B46CFE9801CF}"
EndProject
Global
	GlobalSection(SolutionConfigurationPlatforms) = preSolution
	Debug|Any CPU = Debug|Any CPU
	Release|Any CPU = Release|Any CPU
	Tools|Any CPU = Tools|Any CPU
	EndGlobalSection
	GlobalSection(ProjectConfigurationPlatforms) = postSolution
		{C17EFC6B-726E-4603-AC3D-B46CFE9801CF}.Debug|Any CPU.ActiveCfg = Debug|Any CPU
		{C17EFC6B-726E-4603-AC3D-B46CFE9801CF}.Debug|Any CPU.Build.0 = Debug|Any CPU
		{C17EFC6B-726E-4603-AC3D-B46CFE9801CF}.Release|Any CPU.ActiveCfg = Release|Any CPU
		{C17EFC6B-726E-4603-AC3D-B46CFE9801CF}.Release|Any CPU.Build.0 = Release|Any CPU
		{C17EFC6B-726E-4603-AC3D-B46CFE9801CF}.Tools|Any CPU.ActiveCfg = Tools|Any CPU
		{C17EFC6B-726E-4603-AC3D-B46CFE9801CF}.Tools|Any CPU.Build.0 = Tools|Any CPU
	EndGlobalSection
EndGlobal
